
Microsoft Visual Studio Solution File, Format Version 12.00
# Visual Studio Version 17
VisualStudioVersion = 17.6.33829.357
MinimumVisualStudioVersion = 10.0.40219.1
Project("{FAE04EC0-301F-11D3-BF4B-00C04F79EFBC}") = "eHopdong", "eHopDong\eHopdong.csproj", "{CD21D272-D3ED-42C1-84ED-EAA31922C027}"
EndProject
Project("{FAE04EC0-301F-11D3-BF4B-00C04F79EFBC}") = "PQDb", "PQDb\PQDb.csproj", "{38DE5F2B-FA95-486B-994C-02EC6D0B6EDC}"
EndProject
Global
	GlobalSection(SolutionConfigurationPlatforms) = preSolution
		Debug|Any CPU = Debug|Any CPU
		Release|Any CPU = Release|Any CPU
	EndGlobalSection
	GlobalSection(ProjectConfigurationPlatforms) = postSolution
		{CD21D272-D3ED-42C1-84ED-EAA31922C027}.Debug|Any CPU.ActiveCfg = Debug|Any CPU
		{CD21D272-D3ED-42C1-84ED-EAA31922C027}.Debug|Any CPU.Build.0 = Debug|Any CPU
		{CD21D272-D3ED-42C1-84ED-EAA31922C027}.Release|Any CPU.ActiveCfg = Release|Any CPU
		{CD21D272-D3ED-42C1-84ED-EAA31922C027}.Release|Any CPU.Build.0 = Release|Any CPU
		{38DE5F2B-FA95-486B-994C-02EC6D0B6EDC}.Debug|Any CPU.ActiveCfg = Debug|Any CPU
		{38DE5F2B-FA95-486B-994C-02EC6D0B6EDC}.Debug|Any CPU.Build.0 = Debug|Any CPU
		{38DE5F2B-FA95-486B-994C-02EC6D0B6EDC}.Release|Any CPU.ActiveCfg = Release|Any CPU
		{38DE5F2B-FA95-486B-994C-02EC6D0B6EDC}.Release|Any CPU.Build.0 = Release|Any CPU
	EndGlobalSection
	GlobalSection(SolutionProperties) = preSolution
		HideSolutionNode = FALSE
	EndGlobalSection
	GlobalSection(ExtensibilityGlobals) = postSolution
		SolutionGuid = {263B6609-6D49-421F-9B98-7E4EB094BBCA}
	EndGlobalSection
EndGlobal
